
Microsoft Visual Studio Solution File, Format Version 12.00
Project("{FAE04EC0-301F-11D3-BF4B-00C04F79EFBC}") = "GattServerLib", "GattServerLib.csproj", "{33F5DFEC-671E-42EF-AEBA-E573713D0FFD}"
EndProject
Global
	GlobalSection(SolutionConfigurationPlatforms) = preSolution
		Debug|Any CPU = Debug|Any CPU
		Release|Any CPU = Release|Any CPU
	EndGlobalSection
	GlobalSection(ProjectConfigurationPlatforms) = postSolution
		{33F5DFEC-671E-42EF-AEBA-E573713D0FFD}.Debug|Any CPU.ActiveCfg = Debug|Any CPU
		{33F5DFEC-671E-42EF-AEBA-E573713D0FFD}.Debug|Any CPU.Build.0 = Debug|Any CPU
		{33F5DFEC-671E-42EF-AEBA-E573713D0FFD}.Release|Any CPU.ActiveCfg = Release|Any CPU
		{33F5DFEC-671E-42EF-AEBA-E573713D0FFD}.Release|Any CPU.Build.0 = Release|Any CPU
	EndGlobalSection
EndGlobal
